
Microsoft Visual Studio Solution File, Format Version 12.00
# Visual Studio Version 17
VisualStudioVersion = 17.5.33502.453
MinimumVisualStudioVersion = 10.0.40219.1
Project("{FAE04EC0-301F-11D3-BF4B-00C04F79EFBC}") = "AzFileTransfer", "AzFileTransfer\AzFileTransfer.csproj", "{034C7DBB-3121-46C7-BA84-3A646B1E4AA5}"
EndProject
Global
	GlobalSection(SolutionConfigurationPlatforms) = preSolution
		Debug|Any CPU = Debug|Any CPU
		Release|Any CPU = Release|Any CPU
	EndGlobalSection
	GlobalSection(ProjectConfigurationPlatforms) = postSolution
		{034C7DBB-3121-46C7-BA84-3A646B1E4AA5}.Debug|Any CPU.ActiveCfg = Debug|Any CPU
		{034C7DBB-3121-46C7-BA84-3A646B1E4AA5}.Debug|Any CPU.Build.0 = Debug|Any CPU
		{034C7DBB-3121-46C7-BA84-3A646B1E4AA5}.Release|Any CPU.ActiveCfg = Release|Any CPU
		{034C7DBB-3121-46C7-BA84-3A646B1E4AA5}.Release|Any CPU.Build.0 = Release|Any CPU
	EndGlobalSection
	GlobalSection(SolutionProperties) = preSolution
		HideSolutionNode = FALSE
	EndGlobalSection
	GlobalSection(ExtensibilityGlobals) = postSolution
		SolutionGuid = {2AA436E6-4908-4973-BE6B-445B7052ED4A}
	EndGlobalSection
EndGlobal
